
Microsoft Visual Studio Solution File, Format Version 12.00
# Visual Studio 14
VisualStudioVersion = 14.0.25123.0
MinimumVisualStudioVersion = 10.0.40219.1
Project("{FAE04EC0-301F-11D3-BF4B-00C04F79EFBC}") = "OlimClimbing.Phones", "Phones.Console\OlimClimbing.Phones.csproj", "{2050E0A9-B2EA-4596-AF4C-E5DAF33C3FBD}"
EndProject
Project("{2150E333-8FDC-42A3-9474-1A3956D46DE8}") = "unit-tests", "unit-tests", "{ED0B9D72-AD80-4C91-9BDD-177B3DBE00FC}"
EndProject
Project("{FAE04EC0-301F-11D3-BF4B-00C04F79EFBC}") = "Phones.Tests", "Phones.Tests\Phones.Tests.csproj", "{7D804F10-C519-4BDD-A96B-15718015E42D}"
EndProject
Project("{FAE04EC0-301F-11D3-BF4B-00C04F79EFBC}") = "OlimpClimbing.CD", "OlimpClimbing.CD\OlimpClimbing.CD.csproj", "{CC2E58FF-7930-408C-8A64-19B59C0F4EBC}"
EndProject
Project("{2150E333-8FDC-42A3-9474-1A3956D46DE8}") = "problems", "problems", "{CC91D855-0A3C-450D-9246-7FC45D0ADE24}"
EndProject
Project("{FAE04EC0-301F-11D3-BF4B-00C04F79EFBC}") = "OlimpClimbing.HelloWorld", "OlimpClimbing.HelloWorld\OlimpClimbing.HelloWorld.csproj", "{3A304112-5D0E-4D04-A31F-A780346A357F}"
EndProject
Project("{FAE04EC0-301F-11D3-BF4B-00C04F79EFBC}") = "OlimpClimbing.Different", "OlimpClimbing.Different\OlimpClimbing.Different.csproj", "{36DC4FB1-DAA1-4251-9F37-FFA55CAD9F4C}"
EndProject
Project("{FAE04EC0-301F-11D3-BF4B-00C04F79EFBC}") = "OlimpClimbing.Ahhh", "OlimpClimbing.Ahhh\OlimpClimbing.Ahhh.csproj", "{CFC3E652-F224-4F8E-B69A-33EDA61E4554}"
EndProject
Project("{FAE04EC0-301F-11D3-BF4B-00C04F79EFBC}") = "OlimpClimbing.AirlineHub", "OlimpClimbing.AirlineHub\OlimpClimbing.AirlineHub.csproj", "{33AAE738-8BEB-4CEC-8D80-F40C9841C25C}"
EndProject
Global
	GlobalSection(SolutionConfigurationPlatforms) = preSolution
		Debug|Any CPU = Debug|Any CPU
		Release|Any CPU = Release|Any CPU
	EndGlobalSection
	GlobalSection(ProjectConfigurationPlatforms) = postSolution
		{2050E0A9-B2EA-4596-AF4C-E5DAF33C3FBD}.Debug|Any CPU.ActiveCfg = Debug|Any CPU
		{2050E0A9-B2EA-4596-AF4C-E5DAF33C3FBD}.Debug|Any CPU.Build.0 = Debug|Any CPU
		{2050E0A9-B2EA-4596-AF4C-E5DAF33C3FBD}.Release|Any CPU.ActiveCfg = Release|Any CPU
		{2050E0A9-B2EA-4596-AF4C-E5DAF33C3FBD}.Release|Any CPU.Build.0 = Release|Any CPU
		{7D804F10-C519-4BDD-A96B-15718015E42D}.Debug|Any CPU.ActiveCfg = Debug|Any CPU
		{7D804F10-C519-4BDD-A96B-15718015E42D}.Debug|Any CPU.Build.0 = Debug|Any CPU
		{7D804F10-C519-4BDD-A96B-15718015E42D}.Release|Any CPU.ActiveCfg = Release|Any CPU
		{7D804F10-C519-4BDD-A96B-15718015E42D}.Release|Any CPU.Build.0 = Release|Any CPU
		{CC2E58FF-7930-408C-8A64-19B59C0F4EBC}.Debug|Any CPU.ActiveCfg = Debug|Any CPU
		{CC2E58FF-7930-408C-8A64-19B59C0F4EBC}.Debug|Any CPU.Build.0 = Debug|Any CPU
		{CC2E58FF-7930-408C-8A64-19B59C0F4EBC}.Release|Any CPU.ActiveCfg = Release|Any CPU
		{CC2E58FF-7930-408C-8A64-19B59C0F4EBC}.Release|Any CPU.Build.0 = Release|Any CPU
		{3A304112-5D0E-4D04-A31F-A780346A357F}.Debug|Any CPU.ActiveCfg = Debug|Any CPU
		{3A304112-5D0E-4D04-A31F-A780346A357F}.Debug|Any CPU.Build.0 = Debug|Any CPU
		{3A304112-5D0E-4D04-A31F-A780346A357F}.Release|Any CPU.ActiveCfg = Release|Any CPU
		{3A304112-5D0E-4D04-A31F-A780346A357F}.Release|Any CPU.Build.0 = Release|Any CPU
		{36DC4FB1-DAA1-4251-9F37-FFA55CAD9F4C}.Debug|Any CPU.ActiveCfg = Debug|Any CPU
		{36DC4FB1-DAA1-4251-9F37-FFA55CAD9F4C}.Debug|Any CPU.Build.0 = Debug|Any CPU
		{36DC4FB1-DAA1-4251-9F37-FFA55CAD9F4C}.Release|Any CPU.ActiveCfg = Release|Any CPU
		{36DC4FB1-DAA1-4251-9F37-FFA55CAD9F4C}.Release|Any CPU.Build.0 = Release|Any CPU
		{CFC3E652-F224-4F8E-B69A-33EDA61E4554}.Debug|Any CPU.ActiveCfg = Debug|Any CPU
		{CFC3E652-F224-4F8E-B69A-33EDA61E4554}.Debug|Any CPU.Build.0 = Debug|Any CPU
		{CFC3E652-F224-4F8E-B69A-33EDA61E4554}.Release|Any CPU.ActiveCfg = Release|Any CPU
		{CFC3E652-F224-4F8E-B69A-33EDA61E4554}.Release|Any CPU.Build.0 = Release|Any CPU
		{33AAE738-8BEB-4CEC-8D80-F40C9841C25C}.Debug|Any CPU.ActiveCfg = Debug|Any CPU
		{33AAE738-8BEB-4CEC-8D80-F40C9841C25C}.Debug|Any CPU.Build.0 = Debug|Any CPU
		{33AAE738-8BEB-4CEC-8D80-F40C9841C25C}.Release|Any CPU.ActiveCfg = Release|Any CPU
		{33AAE738-8BEB-4CEC-8D80-F40C9841C25C}.Release|Any CPU.Build.0 = Release|Any CPU
	EndGlobalSection
	GlobalSection(SolutionProperties) = preSolution
		HideSolutionNode = FALSE
	EndGlobalSection
	GlobalSection(NestedProjects) = preSolution
		{2050E0A9-B2EA-4596-AF4C-E5DAF33C3FBD} = {CC91D855-0A3C-450D-9246-7FC45D0ADE24}
		{7D804F10-C519-4BDD-A96B-15718015E42D} = {ED0B9D72-AD80-4C91-9BDD-177B3DBE00FC}
		{CC2E58FF-7930-408C-8A64-19B59C0F4EBC} = {CC91D855-0A3C-450D-9246-7FC45D0ADE24}
		{3A304112-5D0E-4D04-A31F-A780346A357F} = {CC91D855-0A3C-450D-9246-7FC45D0ADE24}
		{36DC4FB1-DAA1-4251-9F37-FFA55CAD9F4C} = {CC91D855-0A3C-450D-9246-7FC45D0ADE24}
		{CFC3E652-F224-4F8E-B69A-33EDA61E4554} = {CC91D855-0A3C-450D-9246-7FC45D0ADE24}
		{33AAE738-8BEB-4CEC-8D80-F40C9841C25C} = {CC91D855-0A3C-450D-9246-7FC45D0ADE24}
	EndGlobalSection
EndGlobal
